
Microsoft Visual Studio Solution File, Format Version 12.00
# Visual Studio 2012
Project("{FAE04EC0-301F-11D3-BF4B-00C04F79EFBC}") = "Remind", "Remind\Remind.csproj", "{D719135B-1D1B-4A8C-856D-367A28C956D2}"
EndProject
Global
	GlobalSection(SolutionConfigurationPlatforms) = preSolution
		Debug|Any CPU = Debug|Any CPU
		Release|Any CPU = Release|Any CPU
	EndGlobalSection
	GlobalSection(ProjectConfigurationPlatforms) = postSolution
		{D719135B-1D1B-4A8C-856D-367A28C956D2}.Debug|Any CPU.ActiveCfg = Debug|Any CPU
		{D719135B-1D1B-4A8C-856D-367A28C956D2}.Debug|Any CPU.Build.0 = Debug|Any CPU
		{D719135B-1D1B-4A8C-856D-367A28C956D2}.Release|Any CPU.ActiveCfg = Release|Any CPU
		{D719135B-1D1B-4A8C-856D-367A28C956D2}.Release|Any CPU.Build.0 = Release|Any CPU
	EndGlobalSection
	GlobalSection(SolutionProperties) = preSolution
		HideSolutionNode = FALSE
	EndGlobalSection
EndGlobal
